
Microsoft Visual Studio Solution File, Format Version 12.00
# Visual Studio 15
Project("{FAE04EC0-301F-11D3-BF4B-00C04F79EFBC}") = "Assembly-CSharp", "Assembly-CSharp.csproj", "{ECE105B1-5AB5-F83A-A70B-470D617F696E}"
EndProject
Global
	GlobalSection(SolutionConfigurationPlatforms) = preSolution
		Debug|Any CPU = Debug|Any CPU
		Release|Any CPU = Release|Any CPU
	EndGlobalSection
	GlobalSection(ProjectConfigurationPlatforms) = postSolution
		{ECE105B1-5AB5-F83A-A70B-470D617F696E}.Debug|Any CPU.ActiveCfg = Debug|Any CPU
		{ECE105B1-5AB5-F83A-A70B-470D617F696E}.Debug|Any CPU.Build.0 = Debug|Any CPU
		{ECE105B1-5AB5-F83A-A70B-470D617F696E}.Release|Any CPU.ActiveCfg = Release|Any CPU
		{ECE105B1-5AB5-F83A-A70B-470D617F696E}.Release|Any CPU.Build.0 = Release|Any CPU
	EndGlobalSection
	GlobalSection(SolutionProperties) = preSolution
		HideSolutionNode = FALSE
	EndGlobalSection
EndGlobal
